
Microsoft Visual Studio Solution File, Format Version 12.00
# Visual Studio Version 17
VisualStudioVersion = 17.0.31903.59
MinimumVisualStudioVersion = 10.0.40219.1
Project("{FAE04EC0-301F-11D3-BF4B-00C04F79EFBC}") = "ClimaCool.API", "ClimaCool.API\ClimaCool.API.csproj", "{DC8BF768-F19F-40DD-9039-4120983B46D8}"
EndProject
Project("{FAE04EC0-301F-11D3-BF4B-00C04F79EFBC}") = "ClimaCool.Domain", "ClimaCool.Domain\ClimaCool.Domain.csproj", "{8C374D94-C9DC-414B-B0EF-9A676F9155E5}"
EndProject
Project("{FAE04EC0-301F-11D3-BF4B-00C04F79EFBC}") = "ClimaCool.Application", "ClimaCool.Application\ClimaCool.Application.csproj", "{0049B192-8ED2-4F70-A49A-F4B661ACF3C1}"
EndProject
Project("{FAE04EC0-301F-11D3-BF4B-00C04F79EFBC}") = "ClimaCool.Infrastructure", "ClimaCool.Infrastructure\ClimaCool.Infrastructure.csproj", "{6B772CC3-E2EE-4D1B-A662-4C04C3192145}"
EndProject
Project("{FAE04EC0-301F-11D3-BF4B-00C04F79EFBC}") = "ClimaCool.Tests", "ClimaCool.Tests\ClimaCool.Tests.csproj", "{75E6F8FD-8AF4-4690-815D-1BC35CEB6D86}"
EndProject
Global
	GlobalSection(SolutionConfigurationPlatforms) = preSolution
		Debug|Any CPU = Debug|Any CPU
		Release|Any CPU = Release|Any CPU
	EndGlobalSection
	GlobalSection(SolutionProperties) = preSolution
		HideSolutionNode = FALSE
	EndGlobalSection
	GlobalSection(ProjectConfigurationPlatforms) = postSolution
		{DC8BF768-F19F-40DD-9039-4120983B46D8}.Debug|Any CPU.ActiveCfg = Debug|Any CPU
		{DC8BF768-F19F-40DD-9039-4120983B46D8}.Debug|Any CPU.Build.0 = Debug|Any CPU
		{DC8BF768-F19F-40DD-9039-4120983B46D8}.Release|Any CPU.ActiveCfg = Release|Any CPU
		{DC8BF768-F19F-40DD-9039-4120983B46D8}.Release|Any CPU.Build.0 = Release|Any CPU
		{8C374D94-C9DC-414B-B0EF-9A676F9155E5}.Debug|Any CPU.ActiveCfg = Debug|Any CPU
		{8C374D94-C9DC-414B-B0EF-9A676F9155E5}.Debug|Any CPU.Build.0 = Debug|Any CPU
		{8C374D94-C9DC-414B-B0EF-9A676F9155E5}.Release|Any CPU.ActiveCfg = Release|Any CPU
		{8C374D94-C9DC-414B-B0EF-9A676F9155E5}.Release|Any CPU.Build.0 = Release|Any CPU
		{0049B192-8ED2-4F70-A49A-F4B661ACF3C1}.Debug|Any CPU.ActiveCfg = Debug|Any CPU
		{0049B192-8ED2-4F70-A49A-F4B661ACF3C1}.Debug|Any CPU.Build.0 = Debug|Any CPU
		{0049B192-8ED2-4F70-A49A-F4B661ACF3C1}.Release|Any CPU.ActiveCfg = Release|Any CPU
		{0049B192-8ED2-4F70-A49A-F4B661ACF3C1}.Release|Any CPU.Build.0 = Release|Any CPU
		{6B772CC3-E2EE-4D1B-A662-4C04C3192145}.Debug|Any CPU.ActiveCfg = Debug|Any CPU
		{6B772CC3-E2EE-4D1B-A662-4C04C3192145}.Debug|Any CPU.Build.0 = Debug|Any CPU
		{6B772CC3-E2EE-4D1B-A662-4C04C3192145}.Release|Any CPU.ActiveCfg = Release|Any CPU
		{6B772CC3-E2EE-4D1B-A662-4C04C3192145}.Release|Any CPU.Build.0 = Release|Any CPU
		{75E6F8FD-8AF4-4690-815D-1BC35CEB6D86}.Debug|Any CPU.ActiveCfg = Debug|Any CPU
		{75E6F8FD-8AF4-4690-815D-1BC35CEB6D86}.Debug|Any CPU.Build.0 = Debug|Any CPU
		{75E6F8FD-8AF4-4690-815D-1BC35CEB6D86}.Release|Any CPU.ActiveCfg = Release|Any CPU
		{75E6F8FD-8AF4-4690-815D-1BC35CEB6D86}.Release|Any CPU.Build.0 = Release|Any CPU
	EndGlobalSection
EndGlobal
